
Microsoft Visual Studio Solution File, Format Version 12.00
# Visual Studio Version 17
VisualStudioVersion = 17.0.31903.59
MinimumVisualStudioVersion = 10.0.40219.1
Project("{2150E333-8FDC-42A3-9474-1A3956D46DE8}") = "src", "src", "{827E0CD3-B72D-47B6-A68D-7590B98EB39B}"
EndProject
Project("{FAE04EC0-301F-11D3-BF4B-00C04F79EFBC}") = "Featly.Abstractions", "src\Featly.Abstractions\Featly.Abstractions.csproj", "{279876CD-37C9-4C55-B7CA-B2D5689A1AB0}"
EndProject
Project("{FAE04EC0-301F-11D3-BF4B-00C04F79EFBC}") = "Featly.Engine", "src\Featly.Engine\Featly.Engine.csproj", "{35FB350E-2B3D-4641-9830-735FAF8D4795}"
EndProject
Project("{FAE04EC0-301F-11D3-BF4B-00C04F79EFBC}") = "Featly.Sdk", "src\Featly.Sdk\Featly.Sdk.csproj", "{96DAD3D3-822B-4582-8543-2DB5D1DE3D35}"
EndProject
Project("{FAE04EC0-301F-11D3-BF4B-00C04F79EFBC}") = "Featly.AspNetCore", "src\Featly.AspNetCore\Featly.AspNetCore.csproj", "{879E6314-56EC-4985-963C-13106D466CCE}"
EndProject
Project("{FAE04EC0-301F-11D3-BF4B-00C04F79EFBC}") = "Featly.OpenFeature.Provider", "src\Featly.OpenFeature.Provider\Featly.OpenFeature.Provider.csproj", "{60A56F50-AF72-4997-9328-2332F4D74273}"
EndProject
Project("{FAE04EC0-301F-11D3-BF4B-00C04F79EFBC}") = "Featly.Storage.Abstractions", "src\Featly.Storage.Abstractions\Featly.Storage.Abstractions.csproj", "{B9E2166F-2EDB-46AA-99D4-C47F80A8D520}"
EndProject
Project("{FAE04EC0-301F-11D3-BF4B-00C04F79EFBC}") = "Featly.Storage.InMemory", "src\Featly.Storage.InMemory\Featly.Storage.InMemory.csproj", "{94D9DB6D-1A35-4553-9EB7-9415753261FC}"
EndProject
Project("{FAE04EC0-301F-11D3-BF4B-00C04F79EFBC}") = "Featly.Storage.Sqlite", "src\Featly.Storage.Sqlite\Featly.Storage.Sqlite.csproj", "{13ABE340-5A62-435A-9216-9288E8A1D435}"
EndProject
Project("{FAE04EC0-301F-11D3-BF4B-00C04F79EFBC}") = "Featly.Server", "src\Featly.Server\Featly.Server.csproj", "{F2BE07F1-9CAB-42D4-8B01-400DAE9D1339}"
EndProject
Project("{FAE04EC0-301F-11D3-BF4B-00C04F79EFBC}") = "Featly.Dashboard", "src\Featly.Dashboard\Featly.Dashboard.csproj", "{3948DEAA-998E-403E-A1AF-274F172909AF}"
EndProject
Project("{FAE04EC0-301F-11D3-BF4B-00C04F79EFBC}") = "Featly.Cli", "src\Featly.Cli\Featly.Cli.csproj", "{1BE7406C-8542-495D-B93A-8FC5F6C1E64F}"
EndProject
Project("{2150E333-8FDC-42A3-9474-1A3956D46DE8}") = "tests", "tests", "{0AB3BF05-4346-4AA6-1389-037BE0695223}"
EndProject
Project("{FAE04EC0-301F-11D3-BF4B-00C04F79EFBC}") = "Featly.Engine.Tests", "tests\Featly.Engine.Tests\Featly.Engine.Tests.csproj", "{8454686C-1EF2-4DAA-819C-F707836E4910}"
EndProject
Project("{FAE04EC0-301F-11D3-BF4B-00C04F79EFBC}") = "Featly.Sdk.Tests", "tests\Featly.Sdk.Tests\Featly.Sdk.Tests.csproj", "{62150EBE-984C-4A85-A085-A59FCD8D9D19}"
EndProject
Project("{FAE04EC0-301F-11D3-BF4B-00C04F79EFBC}") = "Featly.Server.Tests", "tests\Featly.Server.Tests\Featly.Server.Tests.csproj", "{A927363F-6A19-4DC6-8564-4931F0F3843F}"
EndProject
Project("{FAE04EC0-301F-11D3-BF4B-00C04F79EFBC}") = "Featly.Storage.Sqlite.Tests", "tests\Featly.Storage.Sqlite.Tests\Featly.Storage.Sqlite.Tests.csproj", "{F9EBC85F-DDF2-4F67-B94B-0E62FBD02B22}"
EndProject
Project("{FAE04EC0-301F-11D3-BF4B-00C04F79EFBC}") = "Featly.E2E.Tests", "tests\Featly.E2E.Tests\Featly.E2E.Tests.csproj", "{9140C20C-BE46-4DBF-8DEA-96F2EF30FE62}"
EndProject
Project("{2150E333-8FDC-42A3-9474-1A3956D46DE8}") = "samples", "samples", "{5D20AA90-6969-D8BD-9DCD-8634F4692FDA}"
EndProject
Project("{FAE04EC0-301F-11D3-BF4B-00C04F79EFBC}") = "WebApi.Sample", "samples\WebApi.Sample\WebApi.Sample.csproj", "{06840D76-83F4-499B-8117-EB2CB692188B}"
EndProject
Project("{FAE04EC0-301F-11D3-BF4B-00C04F79EFBC}") = "SelfHosted.Sample", "samples\SelfHosted.Sample\SelfHosted.Sample.csproj", "{E601EA60-EE77-4EC7-947D-54B18B98899F}"
EndProject
Project("{FAE04EC0-301F-11D3-BF4B-00C04F79EFBC}") = "Featly", "src\Featly\Featly.csproj", "{B32794A3-CA6E-4C6D-9664-E3F15593BCDC}"
EndProject
Project("{FAE04EC0-301F-11D3-BF4B-00C04F79EFBC}") = "Featly.Engine.Benchmarks", "tests\Featly.Engine.Benchmarks\Featly.Engine.Benchmarks.csproj", "{D4166402-8076-4CBD-88DA-EF96ED463746}"
EndProject
Global
	GlobalSection(SolutionConfigurationPlatforms) = preSolution
		Debug|Any CPU = Debug|Any CPU
		Debug|x64 = Debug|x64
		Debug|x86 = Debug|x86
		Release|Any CPU = Release|Any CPU
		Release|x64 = Release|x64
		Release|x86 = Release|x86
	EndGlobalSection
	GlobalSection(ProjectConfigurationPlatforms) = postSolution
		{279876CD-37C9-4C55-B7CA-B2D5689A1AB0}.Debug|Any CPU.ActiveCfg = Debug|Any CPU
		{279876CD-37C9-4C55-B7CA-B2D5689A1AB0}.Debug|Any CPU.Build.0 = Debug|Any CPU
		{279876CD-37C9-4C55-B7CA-B2D5689A1AB0}.Debug|x64.ActiveCfg = Debug|Any CPU
		{279876CD-37C9-4C55-B7CA-B2D5689A1AB0}.Debug|x64.Build.0 = Debug|Any CPU
		{279876CD-37C9-4C55-B7CA-B2D5689A1AB0}.Debug|x86.ActiveCfg = Debug|Any CPU
		{279876CD-37C9-4C55-B7CA-B2D5689A1AB0}.Debug|x86.Build.0 = Debug|Any CPU
		{279876CD-37C9-4C55-B7CA-B2D5689A1AB0}.Release|Any CPU.ActiveCfg = Release|Any CPU
		{279876CD-37C9-4C55-B7CA-B2D5689A1AB0}.Release|Any CPU.Build.0 = Release|Any CPU
		{279876CD-37C9-4C55-B7CA-B2D5689A1AB0}.Release|x64.ActiveCfg = Release|Any CPU
		{279876CD-37C9-4C55-B7CA-B2D5689A1AB0}.Release|x64.Build.0 = Release|Any CPU
		{279876CD-37C9-4C55-B7CA-B2D5689A1AB0}.Release|x86.ActiveCfg = Release|Any CPU
		{279876CD-37C9-4C55-B7CA-B2D5689A1AB0}.Release|x86.Build.0 = Release|Any CPU
		{35FB350E-2B3D-4641-9830-735FAF8D4795}.Debug|Any CPU.ActiveCfg = Debug|Any CPU
		{35FB350E-2B3D-4641-9830-735FAF8D4795}.Debug|Any CPU.Build.0 = Debug|Any CPU
		{35FB350E-2B3D-4641-9830-735FAF8D4795}.Debug|x64.ActiveCfg = Debug|Any CPU
		{35FB350E-2B3D-4641-9830-735FAF8D4795}.Debug|x64.Build.0 = Debug|Any CPU
		{35FB350E-2B3D-4641-9830-735FAF8D4795}.Debug|x86.ActiveCfg = Debug|Any CPU
		{35FB350E-2B3D-4641-9830-735FAF8D4795}.Debug|x86.Build.0 = Debug|Any CPU
		{35FB350E-2B3D-4641-9830-735FAF8D4795}.Release|Any CPU.ActiveCfg = Release|Any CPU
		{35FB350E-2B3D-4641-9830-735FAF8D4795}.Release|Any CPU.Build.0 = Release|Any CPU
		{35FB350E-2B3D-4641-9830-735FAF8D4795}.Release|x64.ActiveCfg = Release|Any CPU
		{35FB350E-2B3D-4641-9830-735FAF8D4795}.Release|x64.Build.0 = Release|Any CPU
		{35FB350E-2B3D-4641-9830-735FAF8D4795}.Release|x86.ActiveCfg = Release|Any CPU
		{35FB350E-2B3D-4641-9830-735FAF8D4795}.Release|x86.Build.0 = Release|Any CPU
		{96DAD3D3-822B-4582-8543-2DB5D1DE3D35}.Debug|Any CPU.ActiveCfg = Debug|Any CPU
		{96DAD3D3-822B-4582-8543-2DB5D1DE3D35}.Debug|Any CPU.Build.0 = Debug|Any CPU
		{96DAD3D3-822B-4582-8543-2DB5D1DE3D35}.Debug|x64.ActiveCfg = Debug|Any CPU
		{96DAD3D3-822B-4582-8543-2DB5D1DE3D35}.Debug|x64.Build.0 = Debug|Any CPU
		{96DAD3D3-822B-4582-8543-2DB5D1DE3D35}.Debug|x86.ActiveCfg = Debug|Any CPU
		{96DAD3D3-822B-4582-8543-2DB5D1DE3D35}.Debug|x86.Build.0 = Debug|Any CPU
		{96DAD3D3-822B-4582-8543-2DB5D1DE3D35}.Release|Any CPU.ActiveCfg = Release|Any CPU
		{96DAD3D3-822B-4582-8543-2DB5D1DE3D35}.Release|Any CPU.Build.0 = Release|Any CPU
		{96DAD3D3-822B-4582-8543-2DB5D1DE3D35}.Release|x64.ActiveCfg = Release|Any CPU
		{96DAD3D3-822B-4582-8543-2DB5D1DE3D35}.Release|x64.Build.0 = Release|Any CPU
		{96DAD3D3-822B-4582-8543-2DB5D1DE3D35}.Release|x86.ActiveCfg = Release|Any CPU
		{96DAD3D3-822B-4582-8543-2DB5D1DE3D35}.Release|x86.Build.0 = Release|Any CPU
		{879E6314-56EC-4985-963C-13106D466CCE}.Debug|Any CPU.ActiveCfg = Debug|Any CPU
		{879E6314-56EC-4985-963C-13106D466CCE}.Debug|Any CPU.Build.0 = Debug|Any CPU
		{879E6314-56EC-4985-963C-13106D466CCE}.Debug|x64.ActiveCfg = Debug|Any CPU
		{879E6314-56EC-4985-963C-13106D466CCE}.Debug|x64.Build.0 = Debug|Any CPU
		{879E6314-56EC-4985-963C-13106D466CCE}.Debug|x86.ActiveCfg = Debug|Any CPU
		{879E6314-56EC-4985-963C-13106D466CCE}.Debug|x86.Build.0 = Debug|Any CPU
		{879E6314-56EC-4985-963C-13106D466CCE}.Release|Any CPU.ActiveCfg = Release|Any CPU
		{879E6314-56EC-4985-963C-13106D466CCE}.Release|Any CPU.Build.0 = Release|Any CPU
		{879E6314-56EC-4985-963C-13106D466CCE}.Release|x64.ActiveCfg = Release|Any CPU
		{879E6314-56EC-4985-963C-13106D466CCE}.Release|x64.Build.0 = Release|Any CPU
		{879E6314-56EC-4985-963C-13106D466CCE}.Release|x86.ActiveCfg = Release|Any CPU
		{879E6314-56EC-4985-963C-13106D466CCE}.Release|x86.Build.0 = Release|Any CPU
		{60A56F50-AF72-4997-9328-2332F4D74273}.Debug|Any CPU.ActiveCfg = Debug|Any CPU
		{60A56F50-AF72-4997-9328-2332F4D74273}.Debug|Any CPU.Build.0 = Debug|Any CPU
		{60A56F50-AF72-4997-9328-2332F4D74273}.Debug|x64.ActiveCfg = Debug|Any CPU
		{60A56F50-AF72-4997-9328-2332F4D74273}.Debug|x64.Build.0 = Debug|Any CPU
		{60A56F50-AF72-4997-9328-2332F4D74273}.Debug|x86.ActiveCfg = Debug|Any CPU
		{60A56F50-AF72-4997-9328-2332F4D74273}.Debug|x86.Build.0 = Debug|Any CPU
		{60A56F50-AF72-4997-9328-2332F4D74273}.Release|Any CPU.ActiveCfg = Release|Any CPU
		{60A56F50-AF72-4997-9328-2332F4D74273}.Release|Any CPU.Build.0 = Release|Any CPU
		{60A56F50-AF72-4997-9328-2332F4D74273}.Release|x64.ActiveCfg = Release|Any CPU
		{60A56F50-AF72-4997-9328-2332F4D74273}.Release|x64.Build.0 = Release|Any CPU
		{60A56F50-AF72-4997-9328-2332F4D74273}.Release|x86.ActiveCfg = Release|Any CPU
		{60A56F50-AF72-4997-9328-2332F4D74273}.Release|x86.Build.0 = Release|Any CPU
		{B9E2166F-2EDB-46AA-99D4-C47F80A8D520}.Debug|Any CPU.ActiveCfg = Debug|Any CPU
		{B9E2166F-2EDB-46AA-99D4-C47F80A8D520}.Debug|Any CPU.Build.0 = Debug|Any CPU
		{B9E2166F-2EDB-46AA-99D4-C47F80A8D520}.Debug|x64.ActiveCfg = Debug|Any CPU
		{B9E2166F-2EDB-46AA-99D4-C47F80A8D520}.Debug|x64.Build.0 = Debug|Any CPU
		{B9E2166F-2EDB-46AA-99D4-C47F80A8D520}.Debug|x86.ActiveCfg = Debug|Any CPU
		{B9E2166F-2EDB-46AA-99D4-C47F80A8D520}.Debug|x86.Build.0 = Debug|Any CPU
		{B9E2166F-2EDB-46AA-99D4-C47F80A8D520}.Release|Any CPU.ActiveCfg = Release|Any CPU
		{B9E2166F-2EDB-46AA-99D4-C47F80A8D520}.Release|Any CPU.Build.0 = Release|Any CPU
		{B9E2166F-2EDB-46AA-99D4-C47F80A8D520}.Release|x64.ActiveCfg = Release|Any CPU
		{B9E2166F-2EDB-46AA-99D4-C47F80A8D520}.Release|x64.Build.0 = Release|Any CPU
		{B9E2166F-2EDB-46AA-99D4-C47F80A8D520}.Release|x86.ActiveCfg = Release|Any CPU
		{B9E2166F-2EDB-46AA-99D4-C47F80A8D520}.Release|x86.Build.0 = Release|Any CPU
		{94D9DB6D-1A35-4553-9EB7-9415753261FC}.Debug|Any CPU.ActiveCfg = Debug|Any CPU
		{94D9DB6D-1A35-4553-9EB7-9415753261FC}.Debug|Any CPU.Build.0 = Debug|Any CPU
		{94D9DB6D-1A35-4553-9EB7-9415753261FC}.Debug|x64.ActiveCfg = Debug|Any CPU
		{94D9DB6D-1A35-4553-9EB7-9415753261FC}.Debug|x64.Build.0 = Debug|Any CPU
		{94D9DB6D-1A35-4553-9EB7-9415753261FC}.Debug|x86.ActiveCfg = Debug|Any CPU
		{94D9DB6D-1A35-4553-9EB7-9415753261FC}.Debug|x86.Build.0 = Debug|Any CPU
		{94D9DB6D-1A35-4553-9EB7-9415753261FC}.Release|Any CPU.ActiveCfg = Release|Any CPU
		{94D9DB6D-1A35-4553-9EB7-9415753261FC}.Release|Any CPU.Build.0 = Release|Any CPU
		{94D9DB6D-1A35-4553-9EB7-9415753261FC}.Release|x64.ActiveCfg = Release|Any CPU
		{94D9DB6D-1A35-4553-9EB7-9415753261FC}.Release|x64.Build.0 = Release|Any CPU
		{94D9DB6D-1A35-4553-9EB7-9415753261FC}.Release|x86.ActiveCfg = Release|Any CPU
		{94D9DB6D-1A35-4553-9EB7-9415753261FC}.Release|x86.Build.0 = Release|Any CPU
		{13ABE340-5A62-435A-9216-9288E8A1D435}.Debug|Any CPU.ActiveCfg = Debug|Any CPU
		{13ABE340-5A62-435A-9216-9288E8A1D435}.Debug|Any CPU.Build.0 = Debug|Any CPU
		{13ABE340-5A62-435A-9216-9288E8A1D435}.Debug|x64.ActiveCfg = Debug|Any CPU
		{13ABE340-5A62-435A-9216-9288E8A1D435}.Debug|x64.Build.0 = Debug|Any CPU
		{13ABE340-5A62-435A-9216-9288E8A1D435}.Debug|x86.ActiveCfg = Debug|Any CPU
		{13ABE340-5A62-435A-9216-9288E8A1D435}.Debug|x86.Build.0 = Debug|Any CPU
		{13ABE340-5A62-435A-9216-9288E8A1D435}.Release|Any CPU.ActiveCfg = Release|Any CPU
		{13ABE340-5A62-435A-9216-9288E8A1D435}.Release|Any CPU.Build.0 = Release|Any CPU
		{13ABE340-5A62-435A-9216-9288E8A1D435}.Release|x64.ActiveCfg = Release|Any CPU
		{13ABE340-5A62-435A-9216-9288E8A1D435}.Release|x64.Build.0 = Release|Any CPU
		{13ABE340-5A62-435A-9216-9288E8A1D435}.Release|x86.ActiveCfg = Release|Any CPU
		{13ABE340-5A62-435A-9216-9288E8A1D435}.Release|x86.Build.0 = Release|Any CPU
		{F2BE07F1-9CAB-42D4-8B01-400DAE9D1339}.Debug|Any CPU.ActiveCfg = Debug|Any CPU
		{F2BE07F1-9CAB-42D4-8B01-400DAE9D1339}.Debug|Any CPU.Build.0 = Debug|Any CPU
		{F2BE07F1-9CAB-42D4-8B01-400DAE9D1339}.Debug|x64.ActiveCfg = Debug|Any CPU
		{F2BE07F1-9CAB-42D4-8B01-400DAE9D1339}.Debug|x64.Build.0 = Debug|Any CPU
		{F2BE07F1-9CAB-42D4-8B01-400DAE9D1339}.Debug|x86.ActiveCfg = Debug|Any CPU
		{F2BE07F1-9CAB-42D4-8B01-400DAE9D1339}.Debug|x86.Build.0 = Debug|Any CPU
		{F2BE07F1-9CAB-42D4-8B01-400DAE9D1339}.Release|Any CPU.ActiveCfg = Release|Any CPU
		{F2BE07F1-9CAB-42D4-8B01-400DAE9D1339}.Release|Any CPU.Build.0 = Release|Any CPU
		{F2BE07F1-9CAB-42D4-8B01-400DAE9D1339}.Release|x64.ActiveCfg = Release|Any CPU
		{F2BE07F1-9CAB-42D4-8B01-400DAE9D1339}.Release|x64.Build.0 = Release|Any CPU
		{F2BE07F1-9CAB-42D4-8B01-400DAE9D1339}.Release|x86.ActiveCfg = Release|Any CPU
		{F2BE07F1-9CAB-42D4-8B01-400DAE9D1339}.Release|x86.Build.0 = Release|Any CPU
		{3948DEAA-998E-403E-A1AF-274F172909AF}.Debug|Any CPU.ActiveCfg = Debug|Any CPU
		{3948DEAA-998E-403E-A1AF-274F172909AF}.Debug|Any CPU.Build.0 = Debug|Any CPU
		{3948DEAA-998E-403E-A1AF-274F172909AF}.Debug|x64.ActiveCfg = Debug|Any CPU
		{3948DEAA-998E-403E-A1AF-274F172909AF}.Debug|x64.Build.0 = Debug|Any CPU
		{3948DEAA-998E-403E-A1AF-274F172909AF}.Debug|x86.ActiveCfg = Debug|Any CPU
		{3948DEAA-998E-403E-A1AF-274F172909AF}.Debug|x86.Build.0 = Debug|Any CPU
		{3948DEAA-998E-403E-A1AF-274F172909AF}.Release|Any CPU.ActiveCfg = Release|Any CPU
		{3948DEAA-998E-403E-A1AF-274F172909AF}.Release|Any CPU.Build.0 = Release|Any CPU
		{3948DEAA-998E-403E-A1AF-274F172909AF}.Release|x64.ActiveCfg = Release|Any CPU
		{3948DEAA-998E-403E-A1AF-274F172909AF}.Release|x64.Build.0 = Release|Any CPU
		{3948DEAA-998E-403E-A1AF-274F172909AF}.Release|x86.ActiveCfg = Release|Any CPU
		{3948DEAA-998E-403E-A1AF-274F172909AF}.Release|x86.Build.0 = Release|Any CPU
		{1BE7406C-8542-495D-B93A-8FC5F6C1E64F}.Debug|Any CPU.ActiveCfg = Debug|Any CPU
		{1BE7406C-8542-495D-B93A-8FC5F6C1E64F}.Debug|Any CPU.Build.0 = Debug|Any CPU
		{1BE7406C-8542-495D-B93A-8FC5F6C1E64F}.Debug|x64.ActiveCfg = Debug|Any CPU
		{1BE7406C-8542-495D-B93A-8FC5F6C1E64F}.Debug|x64.Build.0 = Debug|Any CPU
		{1BE7406C-8542-495D-B93A-8FC5F6C1E64F}.Debug|x86.ActiveCfg = Debug|Any CPU
		{1BE7406C-8542-495D-B93A-8FC5F6C1E64F}.Debug|x86.Build.0 = Debug|Any CPU
		{1BE7406C-8542-495D-B93A-8FC5F6C1E64F}.Release|Any CPU.ActiveCfg = Release|Any CPU
		{1BE7406C-8542-495D-B93A-8FC5F6C1E64F}.Release|Any CPU.Build.0 = Release|Any CPU
		{1BE7406C-8542-495D-B93A-8FC5F6C1E64F}.Release|x64.ActiveCfg = Release|Any CPU
		{1BE7406C-8542-495D-B93A-8FC5F6C1E64F}.Release|x64.Build.0 = Release|Any CPU
		{1BE7406C-8542-495D-B93A-8FC5F6C1E64F}.Release|x86.ActiveCfg = Release|Any CPU
		{1BE7406C-8542-495D-B93A-8FC5F6C1E64F}.Release|x86.Build.0 = Release|Any CPU
		{8454686C-1EF2-4DAA-819C-F707836E4910}.Debug|Any CPU.ActiveCfg = Debug|Any CPU
		{8454686C-1EF2-4DAA-819C-F707836E4910}.Debug|Any CPU.Build.0 = Debug|Any CPU
		{8454686C-1EF2-4DAA-819C-F707836E4910}.Debug|x64.ActiveCfg = Debug|Any CPU
		{8454686C-1EF2-4DAA-819C-F707836E4910}.Debug|x64.Build.0 = Debug|Any CPU
		{8454686C-1EF2-4DAA-819C-F707836E4910}.Debug|x86.ActiveCfg = Debug|Any CPU
		{8454686C-1EF2-4DAA-819C-F707836E4910}.Debug|x86.Build.0 = Debug|Any CPU
		{8454686C-1EF2-4DAA-819C-F707836E4910}.Release|Any CPU.ActiveCfg = Release|Any CPU
		{8454686C-1EF2-4DAA-819C-F707836E4910}.Release|Any CPU.Build.0 = Release|Any CPU
		{8454686C-1EF2-4DAA-819C-F707836E4910}.Release|x64.ActiveCfg = Release|Any CPU
		{8454686C-1EF2-4DAA-819C-F707836E4910}.Release|x64.Build.0 = Release|Any CPU
		{8454686C-1EF2-4DAA-819C-F707836E4910}.Release|x86.ActiveCfg = Release|Any CPU
		{8454686C-1EF2-4DAA-819C-F707836E4910}.Release|x86.Build.0 = Release|Any CPU
		{62150EBE-984C-4A85-A085-A59FCD8D9D19}.Debug|Any CPU.ActiveCfg = Debug|Any CPU
		{62150EBE-984C-4A85-A085-A59FCD8D9D19}.Debug|Any CPU.Build.0 = Debug|Any CPU
		{62150EBE-984C-4A85-A085-A59FCD8D9D19}.Debug|x64.ActiveCfg = Debug|Any CPU
		{62150EBE-984C-4A85-A085-A59FCD8D9D19}.Debug|x64.Build.0 = Debug|Any CPU
		{62150EBE-984C-4A85-A085-A59FCD8D9D19}.Debug|x86.ActiveCfg = Debug|Any CPU
		{62150EBE-984C-4A85-A085-A59FCD8D9D19}.Debug|x86.Build.0 = Debug|Any CPU
		{62150EBE-984C-4A85-A085-A59FCD8D9D19}.Release|Any CPU.ActiveCfg = Release|Any CPU
		{62150EBE-984C-4A85-A085-A59FCD8D9D19}.Release|Any CPU.Build.0 = Release|Any CPU
		{62150EBE-984C-4A85-A085-A59FCD8D9D19}.Release|x64.ActiveCfg = Release|Any CPU
		{62150EBE-984C-4A85-A085-A59FCD8D9D19}.Release|x64.Build.0 = Release|Any CPU
		{62150EBE-984C-4A85-A085-A59FCD8D9D19}.Release|x86.ActiveCfg = Release|Any CPU
		{62150EBE-984C-4A85-A085-A59FCD8D9D19}.Release|x86.Build.0 = Release|Any CPU
		{A927363F-6A19-4DC6-8564-4931F0F3843F}.Debug|Any CPU.ActiveCfg = Debug|Any CPU
		{A927363F-6A19-4DC6-8564-4931F0F3843F}.Debug|Any CPU.Build.0 = Debug|Any CPU
		{A927363F-6A19-4DC6-8564-4931F0F3843F}.Debug|x64.ActiveCfg = Debug|Any CPU
		{A927363F-6A19-4DC6-8564-4931F0F3843F}.Debug|x64.Build.0 = Debug|Any CPU
		{A927363F-6A19-4DC6-8564-4931F0F3843F}.Debug|x86.ActiveCfg = Debug|Any CPU
		{A927363F-6A19-4DC6-8564-4931F0F3843F}.Debug|x86.Build.0 = Debug|Any CPU
		{A927363F-6A19-4DC6-8564-4931F0F3843F}.Release|Any CPU.ActiveCfg = Release|Any CPU
		{A927363F-6A19-4DC6-8564-4931F0F3843F}.Release|Any CPU.Build.0 = Release|Any CPU
		{A927363F-6A19-4DC6-8564-4931F0F3843F}.Release|x64.ActiveCfg = Release|Any CPU
		{A927363F-6A19-4DC6-8564-4931F0F3843F}.Release|x64.Build.0 = Release|Any CPU
		{A927363F-6A19-4DC6-8564-4931F0F3843F}.Release|x86.ActiveCfg = Release|Any CPU
		{A927363F-6A19-4DC6-8564-4931F0F3843F}.Release|x86.Build.0 = Release|Any CPU
		{F9EBC85F-DDF2-4F67-B94B-0E62FBD02B22}.Debug|Any CPU.ActiveCfg = Debug|Any CPU
		{F9EBC85F-DDF2-4F67-B94B-0E62FBD02B22}.Debug|Any CPU.Build.0 = Debug|Any CPU
		{F9EBC85F-DDF2-4F67-B94B-0E62FBD02B22}.Debug|x64.ActiveCfg = Debug|Any CPU
		{F9EBC85F-DDF2-4F67-B94B-0E62FBD02B22}.Debug|x64.Build.0 = Debug|Any CPU
		{F9EBC85F-DDF2-4F67-B94B-0E62FBD02B22}.Debug|x86.ActiveCfg = Debug|Any CPU
		{F9EBC85F-DDF2-4F67-B94B-0E62FBD02B22}.Debug|x86.Build.0 = Debug|Any CPU
		{F9EBC85F-DDF2-4F67-B94B-0E62FBD02B22}.Release|Any CPU.ActiveCfg = Release|Any CPU
		{F9EBC85F-DDF2-4F67-B94B-0E62FBD02B22}.Release|Any CPU.Build.0 = Release|Any CPU
		{F9EBC85F-DDF2-4F67-B94B-0E62FBD02B22}.Release|x64.ActiveCfg = Release|Any CPU
		{F9EBC85F-DDF2-4F67-B94B-0E62FBD02B22}.Release|x64.Build.0 = Release|Any CPU
		{F9EBC85F-DDF2-4F67-B94B-0E62FBD02B22}.Release|x86.ActiveCfg = Release|Any CPU
		{F9EBC85F-DDF2-4F67-B94B-0E62FBD02B22}.Release|x86.Build.0 = Release|Any CPU
		{9140C20C-BE46-4DBF-8DEA-96F2EF30FE62}.Debug|Any CPU.ActiveCfg = Debug|Any CPU
		{9140C20C-BE46-4DBF-8DEA-96F2EF30FE62}.Debug|Any CPU.Build.0 = Debug|Any CPU
		{9140C20C-BE46-4DBF-8DEA-96F2EF30FE62}.Debug|x64.ActiveCfg = Debug|Any CPU
		{9140C20C-BE46-4DBF-8DEA-96F2EF30FE62}.Debug|x64.Build.0 = Debug|Any CPU
		{9140C20C-BE46-4DBF-8DEA-96F2EF30FE62}.Debug|x86.ActiveCfg = Debug|Any CPU
		{9140C20C-BE46-4DBF-8DEA-96F2EF30FE62}.Debug|x86.Build.0 = Debug|Any CPU
		{9140C20C-BE46-4DBF-8DEA-96F2EF30FE62}.Release|Any CPU.ActiveCfg = Release|Any CPU
		{9140C20C-BE46-4DBF-8DEA-96F2EF30FE62}.Release|Any CPU.Build.0 = Release|Any CPU
		{9140C20C-BE46-4DBF-8DEA-96F2EF30FE62}.Release|x64.ActiveCfg = Release|Any CPU
		{9140C20C-BE46-4DBF-8DEA-96F2EF30FE62}.Release|x64.Build.0 = Release|Any CPU
		{9140C20C-BE46-4DBF-8DEA-96F2EF30FE62}.Release|x86.ActiveCfg = Release|Any CPU
		{9140C20C-BE46-4DBF-8DEA-96F2EF30FE62}.Release|x86.Build.0 = Release|Any CPU
		{06840D76-83F4-499B-8117-EB2CB692188B}.Debug|Any CPU.ActiveCfg = Debug|Any CPU
		{06840D76-83F4-499B-8117-EB2CB692188B}.Debug|Any CPU.Build.0 = Debug|Any CPU
		{06840D76-83F4-499B-8117-EB2CB692188B}.Debug|x64.ActiveCfg = Debug|Any CPU
		{06840D76-83F4-499B-8117-EB2CB692188B}.Debug|x64.Build.0 = Debug|Any CPU
		{06840D76-83F4-499B-8117-EB2CB692188B}.Debug|x86.ActiveCfg = Debug|Any CPU
		{06840D76-83F4-499B-8117-EB2CB692188B}.Debug|x86.Build.0 = Debug|Any CPU
		{06840D76-83F4-499B-8117-EB2CB692188B}.Release|Any CPU.ActiveCfg = Release|Any CPU
		{06840D76-83F4-499B-8117-EB2CB692188B}.Release|Any CPU.Build.0 = Release|Any CPU
		{06840D76-83F4-499B-8117-EB2CB692188B}.Release|x64.ActiveCfg = Release|Any CPU
		{06840D76-83F4-499B-8117-EB2CB692188B}.Release|x64.Build.0 = Release|Any CPU
		{06840D76-83F4-499B-8117-EB2CB692188B}.Release|x86.ActiveCfg = Release|Any CPU
		{06840D76-83F4-499B-8117-EB2CB692188B}.Release|x86.Build.0 = Release|Any CPU
		{E601EA60-EE77-4EC7-947D-54B18B98899F}.Debug|Any CPU.ActiveCfg = Debug|Any CPU
		{E601EA60-EE77-4EC7-947D-54B18B98899F}.Debug|Any CPU.Build.0 = Debug|Any CPU
		{E601EA60-EE77-4EC7-947D-54B18B98899F}.Debug|x64.ActiveCfg = Debug|Any CPU
		{E601EA60-EE77-4EC7-947D-54B18B98899F}.Debug|x64.Build.0 = Debug|Any CPU
		{E601EA60-EE77-4EC7-947D-54B18B98899F}.Debug|x86.ActiveCfg = Debug|Any CPU
		{E601EA60-EE77-4EC7-947D-54B18B98899F}.Debug|x86.Build.0 = Debug|Any CPU
		{E601EA60-EE77-4EC7-947D-54B18B98899F}.Release|Any CPU.ActiveCfg = Release|Any CPU
		{E601EA60-EE77-4EC7-947D-54B18B98899F}.Release|Any CPU.Build.0 = Release|Any CPU
		{E601EA60-EE77-4EC7-947D-54B18B98899F}.Release|x64.ActiveCfg = Release|Any CPU
		{E601EA60-EE77-4EC7-947D-54B18B98899F}.Release|x64.Build.0 = Release|Any CPU
		{E601EA60-EE77-4EC7-947D-54B18B98899F}.Release|x86.ActiveCfg = Release|Any CPU
		{E601EA60-EE77-4EC7-947D-54B18B98899F}.Release|x86.Build.0 = Release|Any CPU
		{B32794A3-CA6E-4C6D-9664-E3F15593BCDC}.Debug|Any CPU.ActiveCfg = Debug|Any CPU
		{B32794A3-CA6E-4C6D-9664-E3F15593BCDC}.Debug|Any CPU.Build.0 = Debug|Any CPU
		{B32794A3-CA6E-4C6D-9664-E3F15593BCDC}.Debug|x64.ActiveCfg = Debug|Any CPU
		{B32794A3-CA6E-4C6D-9664-E3F15593BCDC}.Debug|x64.Build.0 = Debug|Any CPU
		{B32794A3-CA6E-4C6D-9664-E3F15593BCDC}.Debug|x86.ActiveCfg = Debug|Any CPU
		{B32794A3-CA6E-4C6D-9664-E3F15593BCDC}.Debug|x86.Build.0 = Debug|Any CPU
		{B32794A3-CA6E-4C6D-9664-E3F15593BCDC}.Release|Any CPU.ActiveCfg = Release|Any CPU
		{B32794A3-CA6E-4C6D-9664-E3F15593BCDC}.Release|Any CPU.Build.0 = Release|Any CPU
		{B32794A3-CA6E-4C6D-9664-E3F15593BCDC}.Release|x64.ActiveCfg = Release|Any CPU
		{B32794A3-CA6E-4C6D-9664-E3F15593BCDC}.Release|x64.Build.0 = Release|Any CPU
		{B32794A3-CA6E-4C6D-9664-E3F15593BCDC}.Release|x86.ActiveCfg = Release|Any CPU
		{B32794A3-CA6E-4C6D-9664-E3F15593BCDC}.Release|x86.Build.0 = Release|Any CPU
		{D4166402-8076-4CBD-88DA-EF96ED463746}.Debug|Any CPU.ActiveCfg = Debug|Any CPU
		{D4166402-8076-4CBD-88DA-EF96ED463746}.Debug|Any CPU.Build.0 = Debug|Any CPU
		{D4166402-8076-4CBD-88DA-EF96ED463746}.Debug|x64.ActiveCfg = Debug|Any CPU
		{D4166402-8076-4CBD-88DA-EF96ED463746}.Debug|x64.Build.0 = Debug|Any CPU
		{D4166402-8076-4CBD-88DA-EF96ED463746}.Debug|x86.ActiveCfg = Debug|Any CPU
		{D4166402-8076-4CBD-88DA-EF96ED463746}.Debug|x86.Build.0 = Debug|Any CPU
		{D4166402-8076-4CBD-88DA-EF96ED463746}.Release|Any CPU.ActiveCfg = Release|Any CPU
		{D4166402-8076-4CBD-88DA-EF96ED463746}.Release|Any CPU.Build.0 = Release|Any CPU
		{D4166402-8076-4CBD-88DA-EF96ED463746}.Release|x64.ActiveCfg = Release|Any CPU
		{D4166402-8076-4CBD-88DA-EF96ED463746}.Release|x64.Build.0 = Release|Any CPU
		{D4166402-8076-4CBD-88DA-EF96ED463746}.Release|x86.ActiveCfg = Release|Any CPU
		{D4166402-8076-4CBD-88DA-EF96ED463746}.Release|x86.Build.0 = Release|Any CPU
	EndGlobalSection
	GlobalSection(SolutionProperties) = preSolution
		HideSolutionNode = FALSE
	EndGlobalSection
	GlobalSection(NestedProjects) = preSolution
		{279876CD-37C9-4C55-B7CA-B2D5689A1AB0} = {827E0CD3-B72D-47B6-A68D-7590B98EB39B}
		{35FB350E-2B3D-4641-9830-735FAF8D4795} = {827E0CD3-B72D-47B6-A68D-7590B98EB39B}
		{96DAD3D3-822B-4582-8543-2DB5D1DE3D35} = {827E0CD3-B72D-47B6-A68D-7590B98EB39B}
		{879E6314-56EC-4985-963C-13106D466CCE} = {827E0CD3-B72D-47B6-A68D-7590B98EB39B}
		{60A56F50-AF72-4997-9328-2332F4D74273} = {827E0CD3-B72D-47B6-A68D-7590B98EB39B}
		{B9E2166F-2EDB-46AA-99D4-C47F80A8D520} = {827E0CD3-B72D-47B6-A68D-7590B98EB39B}
		{94D9DB6D-1A35-4553-9EB7-9415753261FC} = {827E0CD3-B72D-47B6-A68D-7590B98EB39B}
		{13ABE340-5A62-435A-9216-9288E8A1D435} = {827E0CD3-B72D-47B6-A68D-7590B98EB39B}
		{F2BE07F1-9CAB-42D4-8B01-400DAE9D1339} = {827E0CD3-B72D-47B6-A68D-7590B98EB39B}
		{3948DEAA-998E-403E-A1AF-274F172909AF} = {827E0CD3-B72D-47B6-A68D-7590B98EB39B}
		{1BE7406C-8542-495D-B93A-8FC5F6C1E64F} = {827E0CD3-B72D-47B6-A68D-7590B98EB39B}
		{8454686C-1EF2-4DAA-819C-F707836E4910} = {0AB3BF05-4346-4AA6-1389-037BE0695223}
		{62150EBE-984C-4A85-A085-A59FCD8D9D19} = {0AB3BF05-4346-4AA6-1389-037BE0695223}
		{A927363F-6A19-4DC6-8564-4931F0F3843F} = {0AB3BF05-4346-4AA6-1389-037BE0695223}
		{F9EBC85F-DDF2-4F67-B94B-0E62FBD02B22} = {0AB3BF05-4346-4AA6-1389-037BE0695223}
		{9140C20C-BE46-4DBF-8DEA-96F2EF30FE62} = {0AB3BF05-4346-4AA6-1389-037BE0695223}
		{06840D76-83F4-499B-8117-EB2CB692188B} = {5D20AA90-6969-D8BD-9DCD-8634F4692FDA}
		{E601EA60-EE77-4EC7-947D-54B18B98899F} = {5D20AA90-6969-D8BD-9DCD-8634F4692FDA}
		{B32794A3-CA6E-4C6D-9664-E3F15593BCDC} = {827E0CD3-B72D-47B6-A68D-7590B98EB39B}
		{D4166402-8076-4CBD-88DA-EF96ED463746} = {0AB3BF05-4346-4AA6-1389-037BE0695223}
	EndGlobalSection
EndGlobal
